{
  "name": "adblock-resources",
  "version": "1.0.0",
  "lockfileVersion": 2,
  "requires": true,
  "packages": {
    "": {
      "name": "adblock-resources",
      "version": "1.0.0",
      "license": "MPL-2.0",
      "devDependencies": {
        "adblock-rs": "0.9.2"
      }
    },
    "node_modules/adblock-rs": {
      "version": "0.9.2",
      "resolved": "https://registry.npmjs.org/adblock-rs/-/adblock-rs-0.9.2.tgz",
      "integrity": "sha512-tIZtc+AyQea47v8wI+Q4rJnVpRS63vRCchqmVSEQtJoWCdPYOrk3RcRe/kXAvUC38xV9MF6O/yNUYJDNX7QijQ==",
      "dev": true,
      "hasInstallScript": true,
      "dependencies": {
        "cargo-cp-artifact": "^0.1"
      }
    },
    "node_modules/cargo-cp-artifact": {
      "version": "0.1.9",
      "resolved": "https://registry.npmjs.org/cargo-cp-artifact/-/cargo-cp-artifact-0.1.9.tgz",
      "integrity": "sha512-6F+UYzTaGB+awsTXg0uSJA1/b/B3DDJzpKVRu0UmyI7DmNeaAl2RFHuTGIN6fEgpadRxoXGb7gbC1xo4C3IdyA==",
      "dev": true,
      "license": "MIT",
      "bin": {
        "cargo-cp-artifact": "bin/cargo-cp-artifact.js"
      }
    }
  },
  "dependencies": {
    "adblock-rs": {
      "version": "0.9.2",
      "resolved": "https://registry.npmjs.org/adblock-rs/-/adblock-rs-0.9.2.tgz",
      "integrity": "sha512-tIZtc+AyQea47v8wI+Q4rJnVpRS63vRCchqmVSEQtJoWCdPYOrk3RcRe/kXAvUC38xV9MF6O/yNUYJDNX7QijQ==",
      "dev": true,
      "requires": {
        "cargo-cp-artifact": "^0.1"
      }
    },
    "cargo-cp-artifact": {
      "version": "0.1.9",
      "resolved": "https://registry.npmjs.org/cargo-cp-artifact/-/cargo-cp-artifact-0.1.9.tgz",
      "integrity": "sha512-6F+UYzTaGB+awsTXg0uSJA1/b/B3DDJzpKVRu0UmyI7DmNeaAl2RFHuTGIN6fEgpadRxoXGb7gbC1xo4C3IdyA==",
      "dev": true
    }
  }
}
