{
  "name": "adblock-resources",
  "version": "1.0.0",
  "lockfileVersion": 2,
  "requires": true,
  "packages": {
    "": {
      "name": "adblock-resources",
      "version": "1.0.0",
      "license": "MPL-2.0",
      "devDependencies": {
        "adblock-rs": "0.8.8"
      }
    },
    "node_modules/adblock-rs": {
      "version": "0.8.8",
      "resolved": "https://registry.npmjs.org/adblock-rs/-/adblock-rs-0.8.8.tgz",
      "integrity": "sha512-LNoehep/LfBrM+U8giNea54bCEVvslLYm+Uvz7J6yx7VS66qSoM14rpswJ3KVrKF3kwLuhvFMxH8QWU3BLT0xw==",
      "dev": true,
      "hasInstallScript": true,
      "dependencies": {
        "cargo-cp-artifact": "^0.1"
      }
    },
    "node_modules/cargo-cp-artifact": {
      "version": "0.1.8",
      "resolved": "https://registry.npmjs.org/cargo-cp-artifact/-/cargo-cp-artifact-0.1.8.tgz",
      "integrity": "sha512-3j4DaoTrsCD1MRkTF2Soacii0Nx7UHCce0EwUf4fHnggwiE4fbmF2AbnfzayR36DF8KGadfh7M/Yfy625kgPlA==",
      "dev": true,
      "bin": {
        "cargo-cp-artifact": "bin/cargo-cp-artifact.js"
      }
    }
  },
  "dependencies": {
    "adblock-rs": {
      "version": "0.8.8",
      "resolved": "https://registry.npmjs.org/adblock-rs/-/adblock-rs-0.8.8.tgz",
      "integrity": "sha512-LNoehep/LfBrM+U8giNea54bCEVvslLYm+Uvz7J6yx7VS66qSoM14rpswJ3KVrKF3kwLuhvFMxH8QWU3BLT0xw==",
      "dev": true,
      "requires": {
        "cargo-cp-artifact": "^0.1"
      }
    },
    "cargo-cp-artifact": {
      "version": "0.1.8",
      "resolved": "https://registry.npmjs.org/cargo-cp-artifact/-/cargo-cp-artifact-0.1.8.tgz",
      "integrity": "sha512-3j4DaoTrsCD1MRkTF2Soacii0Nx7UHCce0EwUf4fHnggwiE4fbmF2AbnfzayR36DF8KGadfh7M/Yfy625kgPlA==",
      "dev": true
    }
  }
}
